
Microsoft Visual Studio Solution File, Format Version 12.00
# Visual Studio Version 16
VisualStudioVersion = 16.0.31624.102
MinimumVisualStudioVersion = 10.0.40219.1
Project("{FAE04EC0-301F-11D3-BF4B-00C04F79EFBC}") = "BVCodingChallenge", "BVCodingChallenge.csproj", "{1EE147F6-E2CC-4B15-A551-9F93EC529ABD}"
EndProject
Global
	GlobalSection(SolutionConfigurationPlatforms) = preSolution
		Debug|Any CPU = Debug|Any CPU
		Release|Any CPU = Release|Any CPU
	EndGlobalSection
	GlobalSection(ProjectConfigurationPlatforms) = postSolution
		{1EE147F6-E2CC-4B15-A551-9F93EC529ABD}.Debug|Any CPU.ActiveCfg = Debug|Any CPU
		{1EE147F6-E2CC-4B15-A551-9F93EC529ABD}.Debug|Any CPU.Build.0 = Debug|Any CPU
		{1EE147F6-E2CC-4B15-A551-9F93EC529ABD}.Release|Any CPU.ActiveCfg = Release|Any CPU
		{1EE147F6-E2CC-4B15-A551-9F93EC529ABD}.Release|Any CPU.Build.0 = Release|Any CPU
	EndGlobalSection
	GlobalSection(SolutionProperties) = preSolution
		HideSolutionNode = FALSE
	EndGlobalSection
	GlobalSection(ExtensibilityGlobals) = postSolution
		SolutionGuid = {AD25538C-C749-4F92-AC17-91F4DB6BEA0E}
	EndGlobalSection
EndGlobal
